
Microsoft Visual Studio Solution File, Format Version 12.00
# Visual Studio Version 16
VisualStudioVersion = 16.0.31729.503
MinimumVisualStudioVersion = 10.0.40219.1
Project("{F184B08F-C81C-45F6-A57F-5ABD9991F28F}") = "SaxonXSLT30Example", "SaxonXSLT30Example.vbproj", "{30EEFF56-C872-4E76-9B8A-C21E13D47412}"
EndProject
Global
	GlobalSection(SolutionConfigurationPlatforms) = preSolution
		Debug|Any CPU = Debug|Any CPU
		Release|Any CPU = Release|Any CPU
	EndGlobalSection
	GlobalSection(ProjectConfigurationPlatforms) = postSolution
		{30EEFF56-C872-4E76-9B8A-C21E13D47412}.Debug|Any CPU.ActiveCfg = Debug|Any CPU
		{30EEFF56-C872-4E76-9B8A-C21E13D47412}.Debug|Any CPU.Build.0 = Debug|Any CPU
		{30EEFF56-C872-4E76-9B8A-C21E13D47412}.Release|Any CPU.ActiveCfg = Release|Any CPU
		{30EEFF56-C872-4E76-9B8A-C21E13D47412}.Release|Any CPU.Build.0 = Release|Any CPU
	EndGlobalSection
	GlobalSection(SolutionProperties) = preSolution
		HideSolutionNode = FALSE
	EndGlobalSection
	GlobalSection(ExtensibilityGlobals) = postSolution
		SolutionGuid = {2584C0FB-4B47-4A80-A4D4-1F495F8CEB1A}
	EndGlobalSection
EndGlobal
